
Microsoft Visual Studio Solution File, Format Version 12.00
# Visual Studio Version 16
VisualStudioVersion = 16.0.29215.179
MinimumVisualStudioVersion = 10.0.40219.1
Project("{FAE04EC0-301F-11D3-BF4B-00C04F79EFBC}") = "DeteccionAnomaliasMovil.UWP", "DeteccionAnomaliasMovil\DeteccionAnomaliasMovil.UWP\DeteccionAnomaliasMovil.UWP.csproj", "{2E6DF77A-1208-4F54-A709-177B37F97CDF}"
EndProject
Project("{FAE04EC0-301F-11D3-BF4B-00C04F79EFBC}") = "DeteccionAnomaliasMovil.Android", "DeteccionAnomaliasMovil\DeteccionAnomaliasMovil.Android\DeteccionAnomaliasMovil.Android.csproj", "{42DDD954-2E21-4986-9434-8FE77D943BD8}"
EndProject
Project("{FAE04EC0-301F-11D3-BF4B-00C04F79EFBC}") = "DeteccionAnomaliasMovil.iOS", "DeteccionAnomaliasMovil\DeteccionAnomaliasMovil.iOS\DeteccionAnomaliasMovil.iOS.csproj", "{BD50192E-0F43-4110-84D8-5B16CB7579A6}"
EndProject
Project("{FAE04EC0-301F-11D3-BF4B-00C04F79EFBC}") = "DeteccionAnomaliasMovil", "DeteccionAnomaliasMovil\DeteccionAnomaliasMovil\DeteccionAnomaliasMovil.csproj", "{72EEC503-23D3-43E4-9946-0B443F92DE15}"
EndProject
Global
	GlobalSection(SolutionConfigurationPlatforms) = preSolution
		Debug|Any CPU = Debug|Any CPU
		Debug|ARM = Debug|ARM
		Debug|iPhone = Debug|iPhone
		Debug|iPhoneSimulator = Debug|iPhoneSimulator
		Debug|x64 = Debug|x64
		Debug|x86 = Debug|x86
		Release|Any CPU = Release|Any CPU
		Release|ARM = Release|ARM
		Release|iPhone = Release|iPhone
		Release|iPhoneSimulator = Release|iPhoneSimulator
		Release|x64 = Release|x64
		Release|x86 = Release|x86
	EndGlobalSection
	GlobalSection(ProjectConfigurationPlatforms) = postSolution
		{2E6DF77A-1208-4F54-A709-177B37F97CDF}.Debug|Any CPU.ActiveCfg = Debug|x86
		{2E6DF77A-1208-4F54-A709-177B37F97CDF}.Debug|Any CPU.Build.0 = Debug|x86
		{2E6DF77A-1208-4F54-A709-177B37F97CDF}.Debug|Any CPU.Deploy.0 = Debug|x86
		{2E6DF77A-1208-4F54-A709-177B37F97CDF}.Debug|ARM.ActiveCfg = Debug|ARM
		{2E6DF77A-1208-4F54-A709-177B37F97CDF}.Debug|ARM.Build.0 = Debug|ARM
		{2E6DF77A-1208-4F54-A709-177B37F97CDF}.Debug|ARM.Deploy.0 = Debug|ARM
		{2E6DF77A-1208-4F54-A709-177B37F97CDF}.Debug|iPhone.ActiveCfg = Debug|x86
		{2E6DF77A-1208-4F54-A709-177B37F97CDF}.Debug|iPhone.Build.0 = Debug|x86
		{2E6DF77A-1208-4F54-A709-177B37F97CDF}.Debug|iPhone.Deploy.0 = Debug|x86
		{2E6DF77A-1208-4F54-A709-177B37F97CDF}.Debug|iPhoneSimulator.ActiveCfg = Debug|x86
		{2E6DF77A-1208-4F54-A709-177B37F97CDF}.Debug|iPhoneSimulator.Build.0 = Debug|x86
		{2E6DF77A-1208-4F54-A709-177B37F97CDF}.Debug|iPhoneSimulator.Deploy.0 = Debug|x86
		{2E6DF77A-1208-4F54-A709-177B37F97CDF}.Debug|x64.ActiveCfg = Debug|x64
		{2E6DF77A-1208-4F54-A709-177B37F97CDF}.Debug|x64.Build.0 = Debug|x64
		{2E6DF77A-1208-4F54-A709-177B37F97CDF}.Debug|x64.Deploy.0 = Debug|x64
		{2E6DF77A-1208-4F54-A709-177B37F97CDF}.Debug|x86.ActiveCfg = Debug|x86
		{2E6DF77A-1208-4F54-A709-177B37F97CDF}.Debug|x86.Build.0 = Debug|x86
		{2E6DF77A-1208-4F54-A709-177B37F97CDF}.Debug|x86.Deploy.0 = Debug|x86
		{2E6DF77A-1208-4F54-A709-177B37F97CDF}.Release|Any CPU.ActiveCfg = Release|x86
		{2E6DF77A-1208-4F54-A709-177B37F97CDF}.Release|Any CPU.Build.0 = Release|x86
		{2E6DF77A-1208-4F54-A709-177B37F97CDF}.Release|Any CPU.Deploy.0 = Release|x86
		{2E6DF77A-1208-4F54-A709-177B37F97CDF}.Release|ARM.ActiveCfg = Release|ARM
		{2E6DF77A-1208-4F54-A709-177B37F97CDF}.Release|ARM.Build.0 = Release|ARM
		{2E6DF77A-1208-4F54-A709-177B37F97CDF}.Release|ARM.Deploy.0 = Release|ARM
		{2E6DF77A-1208-4F54-A709-177B37F97CDF}.Release|iPhone.ActiveCfg = Release|x86
		{2E6DF77A-1208-4F54-A709-177B37F97CDF}.Release|iPhone.Build.0 = Release|x86
		{2E6DF77A-1208-4F54-A709-177B37F97CDF}.Release|iPhone.Deploy.0 = Release|x86
		{2E6DF77A-1208-4F54-A709-177B37F97CDF}.Release|iPhoneSimulator.ActiveCfg = Release|x86
		{2E6DF77A-1208-4F54-A709-177B37F97CDF}.Release|iPhoneSimulator.Build.0 = Release|x86
		{2E6DF77A-1208-4F54-A709-177B37F97CDF}.Release|iPhoneSimulator.Deploy.0 = Release|x86
		{2E6DF77A-1208-4F54-A709-177B37F97CDF}.Release|x64.ActiveCfg = Release|x64
		{2E6DF77A-1208-4F54-A709-177B37F97CDF}.Release|x64.Build.0 = Release|x64
		{2E6DF77A-1208-4F54-A709-177B37F97CDF}.Release|x64.Deploy.0 = Release|x64
		{2E6DF77A-1208-4F54-A709-177B37F97CDF}.Release|x86.ActiveCfg = Release|x86
		{2E6DF77A-1208-4F54-A709-177B37F97CDF}.Release|x86.Build.0 = Release|x86
		{2E6DF77A-1208-4F54-A709-177B37F97CDF}.Release|x86.Deploy.0 = Release|x86
		{42DDD954-2E21-4986-9434-8FE77D943BD8}.Debug|Any CPU.ActiveCfg = Debug|Any CPU
		{42DDD954-2E21-4986-9434-8FE77D943BD8}.Debug|Any CPU.Build.0 = Debug|Any CPU
		{42DDD954-2E21-4986-9434-8FE77D943BD8}.Debug|Any CPU.Deploy.0 = Debug|Any CPU
		{42DDD954-2E21-4986-9434-8FE77D943BD8}.Debug|ARM.ActiveCfg = Debug|Any CPU
		{42DDD954-2E21-4986-9434-8FE77D943BD8}.Debug|ARM.Build.0 = Debug|Any CPU
		{42DDD954-2E21-4986-9434-8FE77D943BD8}.Debug|ARM.Deploy.0 = Debug|Any CPU
		{42DDD954-2E21-4986-9434-8FE77D943BD8}.Debug|iPhone.ActiveCfg = Debug|Any CPU
		{42DDD954-2E21-4986-9434-8FE77D943BD8}.Debug|iPhone.Build.0 = Debug|Any CPU
		{42DDD954-2E21-4986-9434-8FE77D943BD8}.Debug|iPhone.Deploy.0 = Debug|Any CPU
		{42DDD954-2E21-4986-9434-8FE77D943BD8}.Debug|iPhoneSimulator.ActiveCfg = Debug|Any CPU
		{42DDD954-2E21-4986-9434-8FE77D943BD8}.Debug|iPhoneSimulator.Build.0 = Debug|Any CPU
		{42DDD954-2E21-4986-9434-8FE77D943BD8}.Debug|iPhoneSimulator.Deploy.0 = Debug|Any CPU
		{42DDD954-2E21-4986-9434-8FE77D943BD8}.Debug|x64.ActiveCfg = Debug|Any CPU
		{42DDD954-2E21-4986-9434-8FE77D943BD8}.Debug|x64.Build.0 = Debug|Any CPU
		{42DDD954-2E21-4986-9434-8FE77D943BD8}.Debug|x64.Deploy.0 = Debug|Any CPU
		{42DDD954-2E21-4986-9434-8FE77D943BD8}.Debug|x86.ActiveCfg = Debug|Any CPU
		{42DDD954-2E21-4986-9434-8FE77D943BD8}.Debug|x86.Build.0 = Debug|Any CPU
		{42DDD954-2E21-4986-9434-8FE77D943BD8}.Debug|x86.Deploy.0 = Debug|Any CPU
		{42DDD954-2E21-4986-9434-8FE77D943BD8}.Release|Any CPU.ActiveCfg = Release|Any CPU
		{42DDD954-2E21-4986-9434-8FE77D943BD8}.Release|Any CPU.Build.0 = Release|Any CPU
		{42DDD954-2E21-4986-9434-8FE77D943BD8}.Release|Any CPU.Deploy.0 = Release|Any CPU
		{42DDD954-2E21-4986-9434-8FE77D943BD8}.Release|ARM.ActiveCfg = Release|Any CPU
		{42DDD954-2E21-4986-9434-8FE77D943BD8}.Release|ARM.Build.0 = Release|Any CPU
		{42DDD954-2E21-4986-9434-8FE77D943BD8}.Release|ARM.Deploy.0 = Release|Any CPU
		{42DDD954-2E21-4986-9434-8FE77D943BD8}.Release|iPhone.ActiveCfg = Release|Any CPU
		{42DDD954-2E21-4986-9434-8FE77D943BD8}.Release|iPhone.Build.0 = Release|Any CPU
		{42DDD954-2E21-4986-9434-8FE77D943BD8}.Release|iPhone.Deploy.0 = Release|Any CPU
		{42DDD954-2E21-4986-9434-8FE77D943BD8}.Release|iPhoneSimulator.ActiveCfg = Release|Any CPU
		{42DDD954-2E21-4986-9434-8FE77D943BD8}.Release|iPhoneSimulator.Build.0 = Release|Any CPU
		{42DDD954-2E21-4986-9434-8FE77D943BD8}.Release|iPhoneSimulator.Deploy.0 = Release|Any CPU
		{42DDD954-2E21-4986-9434-8FE77D943BD8}.Release|x64.ActiveCfg = Release|Any CPU
		{42DDD954-2E21-4986-9434-8FE77D943BD8}.Release|x64.Build.0 = Release|Any CPU
		{42DDD954-2E21-4986-9434-8FE77D943BD8}.Release|x64.Deploy.0 = Release|Any CPU
		{42DDD954-2E21-4986-9434-8FE77D943BD8}.Release|x86.ActiveCfg = Release|Any CPU
		{42DDD954-2E21-4986-9434-8FE77D943BD8}.Release|x86.Build.0 = Release|Any CPU
		{42DDD954-2E21-4986-9434-8FE77D943BD8}.Release|x86.Deploy.0 = Release|Any CPU
		{BD50192E-0F43-4110-84D8-5B16CB7579A6}.Debug|Any CPU.ActiveCfg = Debug|iPhone
		{BD50192E-0F43-4110-84D8-5B16CB7579A6}.Debug|Any CPU.Build.0 = Debug|iPhone
		{BD50192E-0F43-4110-84D8-5B16CB7579A6}.Debug|Any CPU.Deploy.0 = Debug|iPhone
		{BD50192E-0F43-4110-84D8-5B16CB7579A6}.Debug|ARM.ActiveCfg = Debug|iPhoneSimulator
		{BD50192E-0F43-4110-84D8-5B16CB7579A6}.Debug|ARM.Build.0 = Debug|iPhoneSimulator
		{BD50192E-0F43-4110-84D8-5B16CB7579A6}.Debug|ARM.Deploy.0 = Debug|iPhoneSimulator
		{BD50192E-0F43-4110-84D8-5B16CB7579A6}.Debug|iPhone.ActiveCfg = Debug|iPhone
		{BD50192E-0F43-4110-84D8-5B16CB7579A6}.Debug|iPhone.Build.0 = Debug|iPhone
		{BD50192E-0F43-4110-84D8-5B16CB7579A6}.Debug|iPhone.Deploy.0 = Debug|iPhone
		{BD50192E-0F43-4110-84D8-5B16CB7579A6}.Debug|iPhoneSimulator.ActiveCfg = Debug|iPhoneSimulator
		{BD50192E-0F43-4110-84D8-5B16CB7579A6}.Debug|iPhoneSimulator.Build.0 = Debug|iPhoneSimulator
		{BD50192E-0F43-4110-84D8-5B16CB7579A6}.Debug|iPhoneSimulator.Deploy.0 = Debug|iPhoneSimulator
		{BD50192E-0F43-4110-84D8-5B16CB7579A6}.Debug|x64.ActiveCfg = Debug|iPhone
		{BD50192E-0F43-4110-84D8-5B16CB7579A6}.Debug|x64.Build.0 = Debug|iPhone
		{BD50192E-0F43-4110-84D8-5B16CB7579A6}.Debug|x64.Deploy.0 = Debug|iPhone
		{BD50192E-0F43-4110-84D8-5B16CB7579A6}.Debug|x86.ActiveCfg = Debug|iPhone
		{BD50192E-0F43-4110-84D8-5B16CB7579A6}.Debug|x86.Build.0 = Debug|iPhone
		{BD50192E-0F43-4110-84D8-5B16CB7579A6}.Debug|x86.Deploy.0 = Debug|iPhone
		{BD50192E-0F43-4110-84D8-5B16CB7579A6}.Release|Any CPU.ActiveCfg = Release|iPhone
		{BD50192E-0F43-4110-84D8-5B16CB7579A6}.Release|Any CPU.Build.0 = Release|iPhone
		{BD50192E-0F43-4110-84D8-5B16CB7579A6}.Release|Any CPU.Deploy.0 = Release|iPhone
		{BD50192E-0F43-4110-84D8-5B16CB7579A6}.Release|ARM.ActiveCfg = Release|iPhone
		{BD50192E-0F43-4110-84D8-5B16CB7579A6}.Release|ARM.Build.0 = Release|iPhone
		{BD50192E-0F43-4110-84D8-5B16CB7579A6}.Release|ARM.Deploy.0 = Release|iPhone
		{BD50192E-0F43-4110-84D8-5B16CB7579A6}.Release|iPhone.ActiveCfg = Release|iPhone
		{BD50192E-0F43-4110-84D8-5B16CB7579A6}.Release|iPhone.Build.0 = Release|iPhone
		{BD50192E-0F43-4110-84D8-5B16CB7579A6}.Release|iPhone.Deploy.0 = Release|iPhone
		{BD50192E-0F43-4110-84D8-5B16CB7579A6}.Release|iPhoneSimulator.ActiveCfg = Release|iPhoneSimulator
		{BD50192E-0F43-4110-84D8-5B16CB7579A6}.Release|iPhoneSimulator.Build.0 = Release|iPhoneSimulator
		{BD50192E-0F43-4110-84D8-5B16CB7579A6}.Release|iPhoneSimulator.Deploy.0 = Release|iPhoneSimulator
		{BD50192E-0F43-4110-84D8-5B16CB7579A6}.Release|x64.ActiveCfg = Release|iPhone
		{BD50192E-0F43-4110-84D8-5B16CB7579A6}.Release|x64.Build.0 = Release|iPhone
		{BD50192E-0F43-4110-84D8-5B16CB7579A6}.Release|x64.Deploy.0 = Release|iPhone
		{BD50192E-0F43-4110-84D8-5B16CB7579A6}.Release|x86.ActiveCfg = Release|iPhone
		{BD50192E-0F43-4110-84D8-5B16CB7579A6}.Release|x86.Build.0 = Release|iPhone
		{BD50192E-0F43-4110-84D8-5B16CB7579A6}.Release|x86.Deploy.0 = Release|iPhone
		{72EEC503-23D3-43E4-9946-0B443F92DE15}.Debug|Any CPU.ActiveCfg = Debug|Any CPU
		{72EEC503-23D3-43E4-9946-0B443F92DE15}.Debug|Any CPU.Build.0 = Debug|Any CPU
		{72EEC503-23D3-43E4-9946-0B443F92DE15}.Debug|Any CPU.Deploy.0 = Debug|Any CPU
		{72EEC503-23D3-43E4-9946-0B443F92DE15}.Debug|ARM.ActiveCfg = Debug|Any CPU
		{72EEC503-23D3-43E4-9946-0B443F92DE15}.Debug|ARM.Build.0 = Debug|Any CPU
		{72EEC503-23D3-43E4-9946-0B443F92DE15}.Debug|ARM.Deploy.0 = Debug|Any CPU
		{72EEC503-23D3-43E4-9946-0B443F92DE15}.Debug|iPhone.ActiveCfg = Debug|Any CPU
		{72EEC503-23D3-43E4-9946-0B443F92DE15}.Debug|iPhone.Build.0 = Debug|Any CPU
		{72EEC503-23D3-43E4-9946-0B443F92DE15}.Debug|iPhone.Deploy.0 = Debug|Any CPU
		{72EEC503-23D3-43E4-9946-0B443F92DE15}.Debug|iPhoneSimulator.ActiveCfg = Debug|Any CPU
		{72EEC503-23D3-43E4-9946-0B443F92DE15}.Debug|iPhoneSimulator.Build.0 = Debug|Any CPU
		{72EEC503-23D3-43E4-9946-0B443F92DE15}.Debug|iPhoneSimulator.Deploy.0 = Debug|Any CPU
		{72EEC503-23D3-43E4-9946-0B443F92DE15}.Debug|x64.ActiveCfg = Debug|Any CPU
		{72EEC503-23D3-43E4-9946-0B443F92DE15}.Debug|x64.Build.0 = Debug|Any CPU
		{72EEC503-23D3-43E4-9946-0B443F92DE15}.Debug|x64.Deploy.0 = Debug|Any CPU
		{72EEC503-23D3-43E4-9946-0B443F92DE15}.Debug|x86.ActiveCfg = Debug|Any CPU
		{72EEC503-23D3-43E4-9946-0B443F92DE15}.Debug|x86.Build.0 = Debug|Any CPU
		{72EEC503-23D3-43E4-9946-0B443F92DE15}.Debug|x86.Deploy.0 = Debug|Any CPU
		{72EEC503-23D3-43E4-9946-0B443F92DE15}.Release|Any CPU.ActiveCfg = Release|Any CPU
		{72EEC503-23D3-43E4-9946-0B443F92DE15}.Release|Any CPU.Build.0 = Release|Any CPU
		{72EEC503-23D3-43E4-9946-0B443F92DE15}.Release|Any CPU.Deploy.0 = Release|Any CPU
		{72EEC503-23D3-43E4-9946-0B443F92DE15}.Release|ARM.ActiveCfg = Release|Any CPU
		{72EEC503-23D3-43E4-9946-0B443F92DE15}.Release|ARM.Build.0 = Release|Any CPU
		{72EEC503-23D3-43E4-9946-0B443F92DE15}.Release|ARM.Deploy.0 = Release|Any CPU
		{72EEC503-23D3-43E4-9946-0B443F92DE15}.Release|iPhone.ActiveCfg = Release|Any CPU
		{72EEC503-23D3-43E4-9946-0B443F92DE15}.Release|iPhone.Build.0 = Release|Any CPU
		{72EEC503-23D3-43E4-9946-0B443F92DE15}.Release|iPhone.Deploy.0 = Release|Any CPU
		{72EEC503-23D3-43E4-9946-0B443F92DE15}.Release|iPhoneSimulator.ActiveCfg = Release|Any CPU
		{72EEC503-23D3-43E4-9946-0B443F92DE15}.Release|iPhoneSimulator.Build.0 = Release|Any CPU
		{72EEC503-23D3-43E4-9946-0B443F92DE15}.Release|iPhoneSimulator.Deploy.0 = Release|Any CPU
		{72EEC503-23D3-43E4-9946-0B443F92DE15}.Release|x64.ActiveCfg = Release|Any CPU
		{72EEC503-23D3-43E4-9946-0B443F92DE15}.Release|x64.Build.0 = Release|Any CPU
		{72EEC503-23D3-43E4-9946-0B443F92DE15}.Release|x64.Deploy.0 = Release|Any CPU
		{72EEC503-23D3-43E4-9946-0B443F92DE15}.Release|x86.ActiveCfg = Release|Any CPU
		{72EEC503-23D3-43E4-9946-0B443F92DE15}.Release|x86.Build.0 = Release|Any CPU
		{72EEC503-23D3-43E4-9946-0B443F92DE15}.Release|x86.Deploy.0 = Release|Any CPU
	EndGlobalSection
	GlobalSection(SolutionProperties) = preSolution
		HideSolutionNode = FALSE
	EndGlobalSection
	GlobalSection(ExtensibilityGlobals) = postSolution
		SolutionGuid = {647375FD-2650-4FCC-AA5C-48CCB3B28C42}
	EndGlobalSection
EndGlobal
